// !$*UTF8*$!
{
	archiveVersion = 1;
	classes = {
	};
	objectVersion = 55;
	objects = {

/* Begin PBXBuildFile section */
		345539732886223C00D123F9 /* docknounsApp.swift in Sources */ = {isa = PBXBuildFile; fileRef = 345539722886223C00D123F9 /* docknounsApp.swift */; };
		345539752886223C00D123F9 /* ContentView.swift in Sources */ = {isa = PBXBuildFile; fileRef = 345539742886223C00D123F9 /* ContentView.swift */; };
		345539772886223F00D123F9 /* Assets.xcassets in Resources */ = {isa = PBXBuildFile; fileRef = 345539762886223F00D123F9 /* Assets.xcassets */; };
		3455397A2886223F00D123F9 /* Preview Assets.xcassets in Resources */ = {isa = PBXBuildFile; fileRef = 345539792886223F00D123F9 /* Preview Assets.xcassets */; };
		345539852886223F00D123F9 /* docknounsTests.swift in Sources */ = {isa = PBXBuildFile; fileRef = 345539842886223F00D123F9 /* docknounsTests.swift */; };
		3455398F2886223F00D123F9 /* docknounsUITests.swift in Sources */ = {isa = PBXBuildFile; fileRef = 3455398E2886223F00D123F9 /* docknounsUITests.swift */; };
		345539912886223F00D123F9 /* docknounsUITestsLaunchTests.swift in Sources */ = {isa = PBXBuildFile; fileRef = 345539902886223F00D123F9 /* docknounsUITestsLaunchTests.swift */; };
/* End PBXBuildFile section */

/* Begin PBXContainerItemProxy section */
		345539812886223F00D123F9 /* PBXContainerItemProxy */ = {
			isa = PBXContainerItemProxy;
			containerPortal = 345539672886223C00D123F9 /* Project object */;
			proxyType = 1;
			remoteGlobalIDString = 3455396E2886223C00D123F9;
			remoteInfo = docknouns;
		};
		3455398B2886223F00D123F9 /* PBXContainerItemProxy */ = {
			isa = PBXContainerItemProxy;
			containerPortal = 345539672886223C00D123F9 /* Project object */;
			proxyType = 1;
			remoteGlobalIDString = 3455396E2886223C00D123F9;
			remoteInfo = docknouns;
		};
/* End PBXContainerItemProxy section */

/* Begin PBXFileReference section */
		3455396F2886223C00D123F9 /* docknouns.app */ = {isa = PBXFileReference; explicitFileType = wrapper.application; includeInIndex = 0; path = docknouns.app; sourceTree = BUILT_PRODUCTS_DIR; };
		345539722886223C00D123F9 /* docknounsApp.swift */ = {isa = PBXFileReference; lastKnownFileType = sourcecode.swift; path = docknounsApp.swift; sourceTree = "<group>"; };
		345539742886223C00D123F9 /* ContentView.swift */ = {isa = PBXFileReference; lastKnownFileType = sourcecode.swift; path = ContentView.swift; sourceTree = "<group>"; };
		345539762886223F00D123F9 /* Assets.xcassets */ = {isa = PBXFileReference; lastKnownFileType = folder.assetcatalog; path = Assets.xcassets; sourceTree = "<group>"; };
		345539792886223F00D123F9 /* Preview Assets.xcassets */ = {isa = PBXFileReference; lastKnownFileType = folder.assetcatalog; path = "Preview Assets.xcassets"; sourceTree = "<group>"; };
		3455397B2886223F00D123F9 /* docknouns.entitlements */ = {isa = PBXFileReference; lastKnownFileType = text.plist.entitlements; path = docknouns.entitlements; sourceTree = "<group>"; };
		345539802886223F00D123F9 /* docknounsTests.xctest */ = {isa = PBXFileReference; explicitFileType = wrapper.cfbundle; includeInIndex = 0; path = docknounsTests.xctest; sourceTree = BUILT_PRODUCTS_DIR; };
		345539842886223F00D123F9 /* docknounsTests.swift */ = {isa = PBXFileReference; lastKnownFileType = sourcecode.swift; path = docknounsTests.swift; sourceTree = "<group>"; };
		3455398A2886223F00D123F9 /* docknounsUITests.xctest */ = {isa = PBXFileReference; explicitFileType = wrapper.cfbundle; includeInIndex = 0; path = docknounsUITests.xctest; sourceTree = BUILT_PRODUCTS_DIR; };
		3455398E2886223F00D123F9 /* docknounsUITests.swift */ = {isa = PBXFileReference; lastKnownFileType = sourcecode.swift; path = docknounsUITests.swift; sourceTree = "<group>"; };
		345539902886223F00D123F9 /* docknounsUITestsLaunchTests.swift */ = {isa = PBXFileReference; lastKnownFileType = sourcecode.swift; path = docknounsUITestsLaunchTests.swift; sourceTree = "<group>"; };
/* End PBXFileReference section */

/* Begin PBXFrameworksBuildPhase section */
		3455396C2886223C00D123F9 /* Frameworks */ = {
			isa = PBXFrameworksBuildPhase;
			buildActionMask = 2147483647;
			files = (
			);
			runOnlyForDeploymentPostprocessing = 0;
		};
		3455397D2886223F00D123F9 /* Frameworks */ = {
			isa = PBXFrameworksBuildPhase;
			buildActionMask = 2147483647;
			files = (
			);
			runOnlyForDeploymentPostprocessing = 0;
		};
		345539872886223F00D123F9 /* Frameworks */ = {
			isa = PBXFrameworksBuildPhase;
			buildActionMask = 2147483647;
			files = (
			);
			runOnlyForDeploymentPostprocessing = 0;
		};
/* End PBXFrameworksBuildPhase section */

/* Begin PBXGroup section */
		345539662886223C00D123F9 = {
			isa = PBXGroup;
			children = (
				345539712886223C00D123F9 /* docknouns */,
				345539832886223F00D123F9 /* docknounsTests */,
				3455398D2886223F00D123F9 /* docknounsUITests */,
				345539702886223C00D123F9 /* Products */,
			);
			sourceTree = "<group>";
		};
		345539702886223C00D123F9 /* Products */ = {
			isa = PBXGroup;
			children = (
				3455396F2886223C00D123F9 /* docknouns.app */,
				345539802886223F00D123F9 /* docknounsTests.xctest */,
				3455398A2886223F00D123F9 /* docknounsUITests.xctest */,
			);
			name = Products;
			sourceTree = "<group>";
		};
		345539712886223C00D123F9 /* docknouns */ = {
			isa = PBXGroup;
			children = (
				345539722886223C00D123F9 /* docknounsApp.swift */,
				345539742886223C00D123F9 /* ContentView.swift */,
				345539762886223F00D123F9 /* Assets.xcassets */,
				3455397B2886223F00D123F9 /* docknouns.entitlements */,
				345539782886223F00D123F9 /* Preview Content */,
			);
			path = docknouns;
			sourceTree = "<group>";
		};
		345539782886223F00D123F9 /* Preview Content */ = {
			isa = PBXGroup;
			children = (
				345539792886223F00D123F9 /* Preview Assets.xcassets */,
			);
			path = "Preview Content";
			sourceTree = "<group>";
		};
		345539832886223F00D123F9 /* docknounsTests */ = {
			isa = PBXGroup;
			children = (
				345539842886223F00D123F9 /* docknounsTests.swift */,
			);
			path = docknounsTests;
			sourceTree = "<group>";
		};
		3455398D2886223F00D123F9 /* docknounsUITests */ = {
			isa = PBXGroup;
			children = (
				3455398E2886223F00D123F9 /* docknounsUITests.swift */,
				345539902886223F00D123F9 /* docknounsUITestsLaunchTests.swift */,
			);
			path = docknounsUITests;
			sourceTree = "<group>";
		};
/* End PBXGroup section */

/* Begin PBXNativeTarget section */
		3455396E2886223C00D123F9 /* docknouns */ = {
			isa = PBXNativeTarget;
			buildConfigurationList = 345539942886223F00D123F9 /* Build configuration list for PBXNativeTarget "docknouns" */;
			buildPhases = (
				3455396B2886223C00D123F9 /* Sources */,
				3455396C2886223C00D123F9 /* Frameworks */,
				3455396D2886223C00D123F9 /* Resources */,
			);
			buildRules = (
			);
			dependencies = (
			);
			name = docknouns;
			productName = docknouns;
			productReference = 3455396F2886223C00D123F9 /* docknouns.app */;
			productType = "com.apple.product-type.application";
		};
		3455397F2886223F00D123F9 /* docknounsTests */ = {
			isa = PBXNativeTarget;
			buildConfigurationList = 345539972886223F00D123F9 /* Build configuration list for PBXNativeTarget "docknounsTests" */;
			buildPhases = (
				3455397C2886223F00D123F9 /* Sources */,
				3455397D2886223F00D123F9 /* Frameworks */,
				3455397E2886223F00D123F9 /* Resources */,
			);
			buildRules = (
			);
			dependencies = (
				345539822886223F00D123F9 /* PBXTargetDependency */,
			);
			name = docknounsTests;
			productName = docknounsTests;
			productReference = 345539802886223F00D123F9 /* docknounsTests.xctest */;
			productType = "com.apple.product-type.bundle.unit-test";
		};
		345539892886223F00D123F9 /* docknounsUITests */ = {
			isa = PBXNativeTarget;
			buildConfigurationList = 3455399A2886223F00D123F9 /* Build configuration list for PBXNativeTarget "docknounsUITests" */;
			buildPhases = (
				345539862886223F00D123F9 /* Sources */,
				345539872886223F00D123F9 /* Frameworks */,
				345539882886223F00D123F9 /* Resources */,
			);
			buildRules = (
			);
			dependencies = (
				3455398C2886223F00D123F9 /* PBXTargetDependency */,
			);
			name = docknounsUITests;
			productName = docknounsUITests;
			productReference = 3455398A2886223F00D123F9 /* docknounsUITests.xctest */;
			productType = "com.apple.product-type.bundle.ui-testing";
		};
/* End PBXNativeTarget section */

/* Begin PBXProject section */
		345539672886223C00D123F9 /* Project object */ = {
			isa = PBXProject;
			attributes = {
				BuildIndependentTargetsInParallel = 1;
				LastSwiftUpdateCheck = 1320;
				LastUpgradeCheck = 1320;
				TargetAttributes = {
					3455396E2886223C00D123F9 = {
						CreatedOnToolsVersion = 13.2.1;
					};
					3455397F2886223F00D123F9 = {
						CreatedOnToolsVersion = 13.2.1;
						TestTargetID = 3455396E2886223C00D123F9;
					};
					345539892886223F00D123F9 = {
						CreatedOnToolsVersion = 13.2.1;
						TestTargetID = 3455396E2886223C00D123F9;
					};
				};
			};
			buildConfigurationList = 3455396A2886223C00D123F9 /* Build configuration list for PBXProject "docknouns" */;
			compatibilityVersion = "Xcode 13.0";
			developmentRegion = en;
			hasScannedForEncodings = 0;
			knownRegions = (
				en,
				Base,
			);
			mainGroup = 345539662886223C00D123F9;
			productRefGroup = 345539702886223C00D123F9 /* Products */;
			projectDirPath = "";
			projectRoot = "";
			targets = (
				3455396E2886223C00D123F9 /* docknouns */,
				3455397F2886223F00D123F9 /* docknounsTests */,
				345539892886223F00D123F9 /* docknounsUITests */,
			);
		};
/* End PBXProject section */

/* Begin PBXResourcesBuildPhase section */
		3455396D2886223C00D123F9 /* Resources */ = {
			isa = PBXResourcesBuildPhase;
			buildActionMask = 2147483647;
			files = (
				3455397A2886223F00D123F9 /* Preview Assets.xcassets in Resources */,
				345539772886223F00D123F9 /* Assets.xcassets in Resources */,
			);
			runOnlyForDeploymentPostprocessing = 0;
		};
		3455397E2886223F00D123F9 /* Resources */ = {
			isa = PBXResourcesBuildPhase;
			buildActionMask = 2147483647;
			files = (
			);
			runOnlyForDeploymentPostprocessing = 0;
		};
		345539882886223F00D123F9 /* Resources */ = {
			isa = PBXResourcesBuildPhase;
			buildActionMask = 2147483647;
			files = (
			);
			runOnlyForDeploymentPostprocessing = 0;
		};
/* End PBXResourcesBuildPhase section */

/* Begin PBXSourcesBuildPhase section */
		3455396B2886223C00D123F9 /* Sources */ = {
			isa = PBXSourcesBuildPhase;
			buildActionMask = 2147483647;
			files = (
				345539752886223C00D123F9 /* ContentView.swift in Sources */,
				345539732886223C00D123F9 /* docknounsApp.swift in Sources */,
			);
			runOnlyForDeploymentPostprocessing = 0;
		};
		3455397C2886223F00D123F9 /* Sources */ = {
			isa = PBXSourcesBuildPhase;
			buildActionMask = 2147483647;
			files = (
				345539852886223F00D123F9 /* docknounsTests.swift in Sources */,
			);
			runOnlyForDeploymentPostprocessing = 0;
		};
		345539862886223F00D123F9 /* Sources */ = {
			isa = PBXSourcesBuildPhase;
			buildActionMask = 2147483647;
			files = (
				3455398F2886223F00D123F9 /* docknounsUITests.swift in Sources */,
				345539912886223F00D123F9 /* docknounsUITestsLaunchTests.swift in Sources */,
			);
			runOnlyForDeploymentPostprocessing = 0;
		};
/* End PBXSourcesBuildPhase section */

/* Begin PBXTargetDependency section */
		345539822886223F00D123F9 /* PBXTargetDependency */ = {
			isa = PBXTargetDependency;
			target = 3455396E2886223C00D123F9 /* docknouns */;
			targetProxy = 345539812886223F00D123F9 /* PBXContainerItemProxy */;
		};
		3455398C2886223F00D123F9 /* PBXTargetDependency */ = {
			isa = PBXTargetDependency;
			target = 3455396E2886223C00D123F9 /* docknouns */;
			targetProxy = 3455398B2886223F00D123F9 /* PBXContainerItemProxy */;
		};
/* End PBXTargetDependency section */

/* Begin XCBuildConfiguration section */
		345539922886223F00D123F9 /* Debug */ = {
			isa = XCBuildConfiguration;
			buildSettings = {
				ALWAYS_SEARCH_USER_PATHS = NO;
				CLANG_ANALYZER_NONNULL = YES;
				CLANG_ANALYZER_NUMBER_OBJECT_CONVERSION = YES_AGGRESSIVE;
				CLANG_CXX_LANGUAGE_STANDARD = "gnu++17";
				CLANG_CXX_LIBRARY = "libc++";
				CLANG_ENABLE_MODULES = YES;
				CLANG_ENABLE_OBJC_ARC = YES;
				CLANG_ENABLE_OBJC_WEAK = YES;
				CLANG_WARN_BLOCK_CAPTURE_AUTORELEASING = YES;
				CLANG_WARN_BOOL_CONVERSION = YES;
				CLANG_WARN_COMMA = YES;
				CLANG_WARN_CONSTANT_CONVERSION = YES;
				CLANG_WARN_DEPRECATED_OBJC_IMPLEMENTATIONS = YES;
				CLANG_WARN_DIRECT_OBJC_ISA_USAGE = YES_ERROR;
				CLANG_WARN_DOCUMENTATION_COMMENTS = YES;
				CLANG_WARN_EMPTY_BODY = YES;
				CLANG_WARN_ENUM_CONVERSION = YES;
				CLANG_WARN_INFINITE_RECURSION = YES;
				CLANG_WARN_INT_CONVERSION = YES;
				CLANG_WARN_NON_LITERAL_NULL_CONVERSION = YES;
				CLANG_WARN_OBJC_IMPLICIT_RETAIN_SELF = YES;
				CLANG_WARN_OBJC_LITERAL_CONVERSION = YES;
				CLANG_WARN_OBJC_ROOT_CLASS = YES_ERROR;
				CLANG_WARN_QUOTED_INCLUDE_IN_FRAMEWORK_HEADER = YES;
				CLANG_WARN_RANGE_LOOP_ANALYSIS = YES;
				CLANG_WARN_STRICT_PROTOTYPES = YES;
				CLANG_WARN_SUSPICIOUS_MOVE = YES;
				CLANG_WARN_UNGUARDED_AVAILABILITY = YES_AGGRESSIVE;
				CLANG_WARN_UNREACHABLE_CODE = YES;
				CLANG_WARN__DUPLICATE_METHOD_MATCH = YES;
				COPY_PHASE_STRIP = NO;
				DEBUG_INFORMATION_FORMAT = dwarf;
				ENABLE_STRICT_OBJC_MSGSEND = YES;
				ENABLE_TESTABILITY = YES;
				GCC_C_LANGUAGE_STANDARD = gnu11;
				GCC_DYNAMIC_NO_PIC = NO;
				GCC_NO_COMMON_BLOCKS = YES;
				GCC_OPTIMIZATION_LEVEL = 0;
				GCC_PREPROCESSOR_DEFINITIONS = (
					"DEBUG=1",
					"$(inherited)",
				);
				GCC_WARN_64_TO_32_BIT_CONVERSION = YES;
				GCC_WARN_ABOUT_RETURN_TYPE = YES_ERROR;
				GCC_WARN_UNDECLARED_SELECTOR = YES;
				GCC_WARN_UNINITIALIZED_AUTOS = YES_AGGRESSIVE;
				GCC_WARN_UNUSED_FUNCTION = YES;
				GCC_WARN_UNUSED_VARIABLE = YES;
				MACOSX_DEPLOYMENT_TARGET = 12.1;
				MTL_ENABLE_DEBUG_INFO = INCLUDE_SOURCE;
				MTL_FAST_MATH = YES;
				ONLY_ACTIVE_ARCH = YES;
				SDKROOT = macosx;
				SWIFT_ACTIVE_COMPILATION_CONDITIONS = DEBUG;
				SWIFT_OPTIMIZATION_LEVEL = "-Onone";
			};
			name = Debug;
		};
		345539932886223F00D123F9 /* Release */ = {
			isa = XCBuildConfiguration;
			buildSettings = {
				ALWAYS_SEARCH_USER_PATHS = NO;
				CLANG_ANALYZER_NONNULL = YES;
				CLANG_ANALYZER_NUMBER_OBJECT_CONVERSION = YES_AGGRESSIVE;
				CLANG_CXX_LANGUAGE_STANDARD = "gnu++17";
				CLANG_CXX_LIBRARY = "libc++";
				CLANG_ENABLE_MODULES = YES;
				CLANG_ENABLE_OBJC_ARC = YES;
				CLANG_ENABLE_OBJC_WEAK = YES;
				CLANG_WARN_BLOCK_CAPTURE_AUTORELEASING = YES;
				CLANG_WARN_BOOL_CONVERSION = YES;
				CLANG_WARN_COMMA = YES;
				CLANG_WARN_CONSTANT_CONVERSION = YES;
				CLANG_WARN_DEPRECATED_OBJC_IMPLEMENTATIONS = YES;
				CLANG_WARN_DIRECT_OBJC_ISA_USAGE = YES_ERROR;
				CLANG_WARN_DOCUMENTATION_COMMENTS = YES;
				CLANG_WARN_EMPTY_BODY = YES;
				CLANG_WARN_ENUM_CONVERSION = YES;
				CLANG_WARN_INFINITE_RECURSION = YES;
				CLANG_WARN_INT_CONVERSION = YES;
				CLANG_WARN_NON_LITERAL_NULL_CONVERSION = YES;
				CLANG_WARN_OBJC_IMPLICIT_RETAIN_SELF = YES;
				CLANG_WARN_OBJC_LITERAL_CONVERSION = YES;
				CLANG_WARN_OBJC_ROOT_CLASS = YES_ERROR;
				CLANG_WARN_QUOTED_INCLUDE_IN_FRAMEWORK_HEADER = YES;
				CLANG_WARN_RANGE_LOOP_ANALYSIS = YES;
				CLANG_WARN_STRICT_PROTOTYPES = YES;
				CLANG_WARN_SUSPICIOUS_MOVE = YES;
				CLANG_WARN_UNGUARDED_AVAILABILITY = YES_AGGRESSIVE;
				CLANG_WARN_UNREACHABLE_CODE = YES;
				CLANG_WARN__DUPLICATE_METHOD_MATCH = YES;
				COPY_PHASE_STRIP = NO;
				DEBUG_INFORMATION_FORMAT = "dwarf-with-dsym";
				ENABLE_NS_ASSERTIONS = NO;
				ENABLE_STRICT_OBJC_MSGSEND = YES;
				GCC_C_LANGUAGE_STANDARD = gnu11;
				GCC_NO_COMMON_BLOCKS = YES;
				GCC_WARN_64_TO_32_BIT_CONVERSION = YES;
				GCC_WARN_ABOUT_RETURN_TYPE = YES_ERROR;
				GCC_WARN_UNDECLARED_SELECTOR = YES;
				GCC_WARN_UNINITIALIZED_AUTOS = YES_AGGRESSIVE;
				GCC_WARN_UNUSED_FUNCTION = YES;
				GCC_WARN_UNUSED_VARIABLE = YES;
				MACOSX_DEPLOYMENT_TARGET = 12.1;
				MTL_ENABLE_DEBUG_INFO = NO;
				MTL_FAST_MATH = YES;
				SDKROOT = macosx;
				SWIFT_COMPILATION_MODE = wholemodule;
				SWIFT_OPTIMIZATION_LEVEL = "-O";
			};
			name = Release;
		};
		345539952886223F00D123F9 /* Debug */ = {
			isa = XCBuildConfiguration;
			buildSettings = {
				ASSETCATALOG_COMPILER_APPICON_NAME = AppIcon;
				ASSETCATALOG_COMPILER_GLOBAL_ACCENT_COLOR_NAME = AccentColor;
				CODE_SIGN_ENTITLEMENTS = docknouns/docknouns.entitlements;
				CODE_SIGN_STYLE = Automatic;
				COMBINE_HIDPI_IMAGES = YES;
				CURRENT_PROJECT_VERSION = 1;
				DEVELOPMENT_ASSET_PATHS = "\"docknouns/Preview Content\"";
				ENABLE_PREVIEWS = YES;
				GENERATE_INFOPLIST_FILE = YES;
				INFOPLIST_KEY_NSHumanReadableCopyright = "";
				LD_RUNPATH_SEARCH_PATHS = (
					"$(inherited)",
					"@executable_path/../Frameworks",
				);
				MARKETING_VERSION = 1.0;
				PRODUCT_BUNDLE_IDENTIFIER = xyz.docknouns.docknouns;
				PRODUCT_NAME = "$(TARGET_NAME)";
				SWIFT_EMIT_LOC_STRINGS = YES;
				SWIFT_VERSION = 5.0;
			};
			name = Debug;
		};
		345539962886223F00D123F9 /* Release */ = {
			isa = XCBuildConfiguration;
			buildSettings = {
				ASSETCATALOG_COMPILER_APPICON_NAME = AppIcon;
				ASSETCATALOG_COMPILER_GLOBAL_ACCENT_COLOR_NAME = AccentColor;
				CODE_SIGN_ENTITLEMENTS = docknouns/docknouns.entitlements;
				CODE_SIGN_STYLE = Automatic;
				COMBINE_HIDPI_IMAGES = YES;
				CURRENT_PROJECT_VERSION = 1;
				DEVELOPMENT_ASSET_PATHS = "\"docknouns/Preview Content\"";
				ENABLE_PREVIEWS = YES;
				GENERATE_INFOPLIST_FILE = YES;
				INFOPLIST_KEY_NSHumanReadableCopyright = "";
				LD_RUNPATH_SEARCH_PATHS = (
					"$(inherited)",
					"@executable_path/../Frameworks",
				);
				MARKETING_VERSION = 1.0;
				PRODUCT_BUNDLE_IDENTIFIER = xyz.docknouns.docknouns;
				PRODUCT_NAME = "$(TARGET_NAME)";
				SWIFT_EMIT_LOC_STRINGS = YES;
				SWIFT_VERSION = 5.0;
			};
			name = Release;
		};
		345539982886223F00D123F9 /* Debug */ = {
			isa = XCBuildConfiguration;
			buildSettings = {
				ALWAYS_EMBED_SWIFT_STANDARD_LIBRARIES = YES;
				BUNDLE_LOADER = "$(TEST_HOST)";
				CODE_SIGN_STYLE = Automatic;
				CURRENT_PROJECT_VERSION = 1;
				GENERATE_INFOPLIST_FILE = YES;
				MACOSX_DEPLOYMENT_TARGET = 12.1;
				MARKETING_VERSION = 1.0;
				PRODUCT_BUNDLE_IDENTIFIER = xyz.docknouns.docknounsTests;
				PRODUCT_NAME = "$(TARGET_NAME)";
				SWIFT_EMIT_LOC_STRINGS = NO;
				SWIFT_VERSION = 5.0;
				TEST_HOST = "$(BUILT_PRODUCTS_DIR)/docknouns.app/Contents/MacOS/docknouns";
			};
			name = Debug;
		};
		345539992886223F00D123F9 /* Release */ = {
			isa = XCBuildConfiguration;
			buildSettings = {
				ALWAYS_EMBED_SWIFT_STANDARD_LIBRARIES = YES;
				BUNDLE_LOADER = "$(TEST_HOST)";
				CODE_SIGN_STYLE = Automatic;
				CURRENT_PROJECT_VERSION = 1;
				GENERATE_INFOPLIST_FILE = YES;
				MACOSX_DEPLOYMENT_TARGET = 12.1;
				MARKETING_VERSION = 1.0;
				PRODUCT_BUNDLE_IDENTIFIER = xyz.docknouns.docknounsTests;
				PRODUCT_NAME = "$(TARGET_NAME)";
				SWIFT_EMIT_LOC_STRINGS = NO;
				SWIFT_VERSION = 5.0;
				TEST_HOST = "$(BUILT_PRODUCTS_DIR)/docknouns.app/Contents/MacOS/docknouns";
			};
			name = Release;
		};
		3455399B2886223F00D123F9 /* Debug */ = {
			isa = XCBuildConfiguration;
			buildSettings = {
				ALWAYS_EMBED_SWIFT_STANDARD_LIBRARIES = YES;
				CODE_SIGN_STYLE = Automatic;
				CURRENT_PROJECT_VERSION = 1;
				GENERATE_INFOPLIST_FILE = YES;
				MARKETING_VERSION = 1.0;
				PRODUCT_BUNDLE_IDENTIFIER = xyz.docknouns.docknounsUITests;
				PRODUCT_NAME = "$(TARGET_NAME)";
				SWIFT_EMIT_LOC_STRINGS = NO;
				SWIFT_VERSION = 5.0;
				TEST_TARGET_NAME = docknouns;
			};
			name = Debug;
		};
		3455399C2886223F00D123F9 /* Release */ = {
			isa = XCBuildConfiguration;
			buildSettings = {
				ALWAYS_EMBED_SWIFT_STANDARD_LIBRARIES = YES;
				CODE_SIGN_STYLE = Automatic;
				CURRENT_PROJECT_VERSION = 1;
				GENERATE_INFOPLIST_FILE = YES;
				MARKETING_VERSION = 1.0;
				PRODUCT_BUNDLE_IDENTIFIER = xyz.docknouns.docknounsUITests;
				PRODUCT_NAME = "$(TARGET_NAME)";
				SWIFT_EMIT_LOC_STRINGS = NO;
				SWIFT_VERSION = 5.0;
				TEST_TARGET_NAME = docknouns;
			};
			name = Release;
		};
/* End XCBuildConfiguration section */

/* Begin XCConfigurationList section */
		3455396A2886223C00D123F9 /* Build configuration list for PBXProject "docknouns" */ = {
			isa = XCConfigurationList;
			buildConfigurations = (
				345539922886223F00D123F9 /* Debug */,
				345539932886223F00D123F9 /* Release */,
			);
			defaultConfigurationIsVisible = 0;
			defaultConfigurationName = Release;
		};
		345539942886223F00D123F9 /* Build configuration list for PBXNativeTarget "docknouns" */ = {
			isa = XCConfigurationList;
			buildConfigurations = (
				345539952886223F00D123F9 /* Debug */,
				345539962886223F00D123F9 /* Release */,
			);
			defaultConfigurationIsVisible = 0;
			defaultConfigurationName = Release;
		};
		345539972886223F00D123F9 /* Build configuration list for PBXNativeTarget "docknounsTests" */ = {
			isa = XCConfigurationList;
			buildConfigurations = (
				345539982886223F00D123F9 /* Debug */,
				345539992886223F00D123F9 /* Release */,
			);
			defaultConfigurationIsVisible = 0;
			defaultConfigurationName = Release;
		};
		3455399A2886223F00D123F9 /* Build configuration list for PBXNativeTarget "docknounsUITests" */ = {
			isa = XCConfigurationList;
			buildConfigurations = (
				3455399B2886223F00D123F9 /* Debug */,
				3455399C2886223F00D123F9 /* Release */,
			);
			defaultConfigurationIsVisible = 0;
			defaultConfigurationName = Release;
		};
/* End XCConfigurationList section */
	};
	rootObject = 345539672886223C00D123F9 /* Project object */;
}
